{
  "version": 4,
  "terraform_version": "1.10.5",
  "serial": 72,
  "lineage": "6ea025a9-b5ed-2e92-d2c4-1bba2bb4b878",
  "outputs": {
    "block_volume_name": {
      "value": "blockstorage-volume-project19",
      "type": "string"
    },
    "floating_ip_address": {
      "value": "129.114.26.124",
      "type": "string"
    },
    "node_names": {
      "value": {
        "node1": "node1-group19-project19",
        "node2": "node2-group19-project19",
        "node3": "node3-group19-project19"
      },
      "type": [
        "object",
        {
          "node1": "string",
          "node2": "string",
          "node3": "string"
        }
      ]
    },
    "object_storage_container": {
      "value": "object-persist-project19",
      "type": "string"
    },
    "private_ips": {
      "value": {
        "node1": "192.168.1.11",
        "node2": "192.168.1.12",
        "node3": "192.168.1.13"
      },
      "type": [
        "map",
        "string"
      ]
    },
    "private_network": {
      "value": "private-net-group19-project19",
      "type": "string"
    },
    "ssh_command": {
      "value": "ssh -i ~/.ssh/group19-shared-key cc@129.114.26.124",
      "type": "string"
    },
    "ssh_key_used": {
      "value": "group19-shared-key",
      "type": "string"
    }
  },
  "resources": [
    {
      "mode": "data",
      "type": "openstack_networking_network_v2",
      "name": "sharednet2",
      "provider": "provider[\"registry.terraform.io/terraform-provider-openstack/openstack\"]",
      "instances": [
        {
          "schema_version": 0,
          "attributes": {
            "admin_state_up": "true",
            "all_tags": [],
            "availability_zone_hints": [],
            "description": "",
            "dns_domain": "",
            "external": false,
            "id": "4ec616b2-79e1-4813-abca-f2ceb41e0a89",
            "matching_subnet_cidr": null,
            "mtu": 1450,
            "name": "sharednet2",
            "network_id": null,
            "region": "KVM@TACC",
            "segments": [],
            "shared": "false",
            "status": null,
            "subnets": [
              "00b8d316-7617-4da4-b6c0-b7dd1dd78cd4"
            ],
            "tags": null,
            "tenant_id": "89f528973fea4b3a981f9b2344e522de",
            "transparent_vlan": false
          },
          "sensitive_attributes": []
        }
      ]
    },
    {
      "mode": "data",
      "type": "openstack_networking_secgroup_v2",
      "name": "allow_8000",
      "provider": "provider[\"registry.terraform.io/terraform-provider-openstack/openstack\"]",
      "instances": [
        {
          "schema_version": 0,
          "attributes": {
            "all_tags": [],
            "description": "Enable TCP port 8000 (used by FastAPI)",
            "id": "17a6d962-cc23-4551-ac0b-08b098f451d2",
            "name": "allow-8000",
            "region": "KVM@TACC",
            "secgroup_id": null,
            "tags": null,
            "tenant_id": "89f528973fea4b3a981f9b2344e522de"
          },
          "sensitive_attributes": []
        }
      ]
    },
    {
      "mode": "data",
      "type": "openstack_networking_secgroup_v2",
      "name": "allow_8080",
      "provider": "provider[\"registry.terraform.io/terraform-provider-openstack/openstack\"]",
      "instances": [
        {
          "schema_version": 0,
          "attributes": {
            "all_tags": [],
            "description": "Enable TCP port 8080 (used by cAdvisor, Label Studio)",
            "id": "e6eff5db-c96d-4e3d-be49-1ade281f4a7a",
            "name": "allow-8080",
            "region": "KVM@TACC",
            "secgroup_id": null,
            "tags": null,
            "tenant_id": "89f528973fea4b3a981f9b2344e522de"
          },
          "sensitive_attributes": []
        }
      ]
    },
    {
      "mode": "data",
      "type": "openstack_networking_secgroup_v2",
      "name": "allow_8081",
      "provider": "provider[\"registry.terraform.io/terraform-provider-openstack/openstack\"]",
      "instances": [
        {
          "schema_version": 0,
          "attributes": {
            "all_tags": [],
            "description": "Enable TCP port 8081 (alt for 8080)",
            "id": "9806d71f-f0bd-4c5d-8c48-f32db3094575",
            "name": "allow-8081",
            "region": "KVM@TACC",
            "secgroup_id": null,
            "tags": null,
            "tenant_id": "89f528973fea4b3a981f9b2344e522de"
          },
          "sensitive_attributes": []
        }
      ]
    },
    {
      "mode": "data",
      "type": "openstack_networking_secgroup_v2",
      "name": "allow_9000",
      "provider": "provider[\"registry.terraform.io/terraform-provider-openstack/openstack\"]",
      "instances": [
        {
          "schema_version": 0,
          "attributes": {
            "all_tags": [],
            "description": "Enable TCP port 9000 (used by MinIO API)",
            "id": "046fd20c-6460-4643-8dc1-7733056f30d9",
            "name": "allow-9000",
            "region": "KVM@TACC",
            "secgroup_id": null,
            "tags": null,
            "tenant_id": "89f528973fea4b3a981f9b2344e522de"
          },
          "sensitive_attributes": []
        }
      ]
    },
    {
      "mode": "data",
      "type": "openstack_networking_secgroup_v2",
      "name": "allow_9001",
      "provider": "provider[\"registry.terraform.io/terraform-provider-openstack/openstack\"]",
      "instances": [
        {
          "schema_version": 0,
          "attributes": {
            "all_tags": [],
            "description": "Enable TCP port 9001 (used by MinIO Web UI)",
            "id": "ad2912c0-caa9-49e0-b431-b9b3953b91b3",
            "name": "allow-9001",
            "region": "KVM@TACC",
            "secgroup_id": null,
            "tags": null,
            "tenant_id": "89f528973fea4b3a981f9b2344e522de"
          },
          "sensitive_attributes": []
        }
      ]
    },
    {
      "mode": "data",
      "type": "openstack_networking_secgroup_v2",
      "name": "allow_9090",
      "provider": "provider[\"registry.terraform.io/terraform-provider-openstack/openstack\"]",
      "instances": [
        {
          "schema_version": 0,
          "attributes": {
            "all_tags": [],
            "description": "Enable TCP port 9090 (used by Prometheus)",
            "id": "d6736d54-d9a4-431c-a5b5-4d29dbcdee03",
            "name": "allow-9090",
            "region": "KVM@TACC",
            "secgroup_id": null,
            "tags": null,
            "tenant_id": "89f528973fea4b3a981f9b2344e522de"
          },
          "sensitive_attributes": []
        }
      ]
    },
    {
      "mode": "data",
      "type": "openstack_networking_secgroup_v2",
      "name": "allow_http_80",
      "provider": "provider[\"registry.terraform.io/terraform-provider-openstack/openstack\"]",
      "instances": [
        {
          "schema_version": 0,
          "attributes": {
            "all_tags": [],
            "description": "Enable HTTP traffic on TCP port 80",
            "id": "5df2db36-79f9-4b9b-b6c9-1ece762d83fb",
            "name": "allow-http-80",
            "region": "KVM@TACC",
            "secgroup_id": null,
            "tags": null,
            "tenant_id": "89f528973fea4b3a981f9b2344e522de"
          },
          "sensitive_attributes": []
        }
      ]
    },
    {
      "mode": "data",
      "type": "openstack_networking_secgroup_v2",
      "name": "allow_ssh",
      "provider": "provider[\"registry.terraform.io/terraform-provider-openstack/openstack\"]",
      "instances": [
        {
          "schema_version": 0,
          "attributes": {
            "all_tags": [],
            "description": "Enable SSH traffic on TCP port 22",
            "id": "47860acf-9269-4d26-84b1-363824f7e0a2",
            "name": "allow-ssh",
            "region": "KVM@TACC",
            "secgroup_id": null,
            "tags": null,
            "tenant_id": "89f528973fea4b3a981f9b2344e522de"
          },
          "sensitive_attributes": []
        }
      ]
    },
    {
      "mode": "managed",
      "type": "openstack_blockstorage_volume_v3",
      "name": "blockstorage_volume",
      "provider": "provider[\"registry.terraform.io/terraform-provider-openstack/openstack\"]",
      "instances": [
        {
          "schema_version": 0,
          "attributes": {
            "attachment": [
              {
                "device": "/dev/vdb",
                "id": "b66b20f7-cdb1-454e-a789-6c69be149faa",
                "instance_id": "88a2031c-8219-4751-bea6-ba04d628f8a3"
              }
            ],
            "availability_zone": "nova",
            "consistency_group_id": null,
            "description": "",
            "enable_online_resize": true,
            "id": "b66b20f7-cdb1-454e-a789-6c69be149faa",
            "image_id": null,
            "metadata": {},
            "multiattach": null,
            "name": "blockstorage-volume-project19",
            "region": "KVM@TACC",
            "scheduler_hints": [],
            "size": 100,
            "snapshot_id": "",
            "source_replica": null,
            "source_vol_id": "",
            "timeouts": null,
            "volume_type": "ceph-hdd"
          },
          "sensitive_attributes": [],
          "private": "eyJlMmJmYjczMC1lY2FhLTExZTYtOGY4OC0zNDM2M2JjN2M0YzAiOnsiY3JlYXRlIjo2MDAwMDAwMDAwMDAsImRlbGV0ZSI6NjAwMDAwMDAwMDAwfX0="
        }
      ]
    },
    {
      "mode": "managed",
      "type": "openstack_compute_instance_v2",
      "name": "nodes",
      "provider": "provider[\"registry.terraform.io/terraform-provider-openstack/openstack\"]",
      "instances": [
        {
          "index_key": "node1",
          "schema_version": 0,
          "attributes": {
            "access_ip_v4": "10.56.0.179",
            "access_ip_v6": "",
            "admin_pass": null,
            "all_metadata": {},
            "all_tags": [],
            "availability_zone": "nova",
            "availability_zone_hints": null,
            "block_device": [],
            "config_drive": null,
            "created": "2025-05-09 23:03:45 +0000 UTC",
            "flavor_id": "3",
            "flavor_name": "m1.medium",
            "floating_ip": null,
            "force_delete": false,
            "id": "88a2031c-8219-4751-bea6-ba04d628f8a3",
            "image_id": "96d9c658-6540-4796-ae64-54d8ac6c45f8",
            "image_name": "CC-Ubuntu24.04",
            "key_pair": "group19-shared-key",
            "metadata": null,
            "name": "node1-group19-project19",
            "network": [
              {
                "access_network": false,
                "fixed_ip_v4": "10.56.0.179",
                "fixed_ip_v6": "",
                "floating_ip": "",
                "mac": "fa:16:3e:c1:41:d8",
                "name": "sharednet2",
                "port": "4918d140-a126-471a-8420-dbe706589c27",
                "uuid": "4ec616b2-79e1-4813-abca-f2ceb41e0a89"
              },
              {
                "access_network": false,
                "fixed_ip_v4": "192.168.1.11",
                "fixed_ip_v6": "",
                "floating_ip": "",
                "mac": "fa:16:3e:64:e7:c7",
                "name": "private-net-group19-project19",
                "port": "151af4e1-856d-4db9-b6af-edeee687c2c1",
                "uuid": "e8eb988a-384b-40ed-9045-8f8b7d17593c"
              }
            ],
            "network_mode": null,
            "personality": [],
            "power_state": "active",
            "region": "KVM@TACC",
            "scheduler_hints": [],
            "security_groups": [
              "allow-3000",
              "allow-5050",
              "allow-8000",
              "allow-8001",
              "allow-8002",
              "allow-8080",
              "allow-8081",
              "allow-8501",
              "allow-8888",
              "allow-9000",
              "allow-9001",
              "allow-9090",
              "allow-http-80",
              "allow-ssh"
            ],
            "stop_before_destroy": false,
            "tags": [],
            "timeouts": null,
            "updated": "2025-05-09 23:03:54 +0000 UTC",
            "user_data": "328b07aca3881e29427285a48253872aea3ef752",
            "vendor_options": [],
            "volume": []
          },
          "sensitive_attributes": [
            [
              {
                "type": "get_attr",
                "value": "admin_pass"
              }
            ]
          ],
          "private": "eyJlMmJmYjczMC1lY2FhLTExZTYtOGY4OC0zNDM2M2JjN2M0YzAiOnsiY3JlYXRlIjoxODAwMDAwMDAwMDAwLCJkZWxldGUiOjE4MDAwMDAwMDAwMDAsInVwZGF0ZSI6MTgwMDAwMDAwMDAwMH19",
          "dependencies": [
            "data.openstack_networking_network_v2.sharednet2",
            "data.openstack_networking_secgroup_v2.allow_8000",
            "data.openstack_networking_secgroup_v2.allow_8080",
            "data.openstack_networking_secgroup_v2.allow_8081",
            "data.openstack_networking_secgroup_v2.allow_9000",
            "data.openstack_networking_secgroup_v2.allow_9001",
            "data.openstack_networking_secgroup_v2.allow_9090",
            "data.openstack_networking_secgroup_v2.allow_http_80",
            "data.openstack_networking_secgroup_v2.allow_ssh",
            "openstack_networking_network_v2.private_net",
            "openstack_networking_port_v2.private_net_ports",
            "openstack_networking_port_v2.sharednet2_ports",
            "openstack_networking_secgroup_v2.allow_3000",
            "openstack_networking_secgroup_v2.allow_5050",
            "openstack_networking_secgroup_v2.allow_8001",
            "openstack_networking_secgroup_v2.allow_8002",
            "openstack_networking_secgroup_v2.allow_8501",
            "openstack_networking_secgroup_v2.allow_8888",
            "openstack_networking_subnet_v2.private_subnet"
          ]
        },
        {
          "index_key": "node2",
          "schema_version": 0,
          "attributes": {
            "access_ip_v4": "10.56.2.40",
            "access_ip_v6": "",
            "admin_pass": null,
            "all_metadata": {},
            "all_tags": [],
            "availability_zone": "nova",
            "availability_zone_hints": null,
            "block_device": [],
            "config_drive": null,
            "created": "2025-05-09 23:03:44 +0000 UTC",
            "flavor_id": "3",
            "flavor_name": "m1.medium",
            "floating_ip": null,
            "force_delete": false,
            "id": "511a60e9-37f7-4745-bdc3-a58437139cb0",
            "image_id": "96d9c658-6540-4796-ae64-54d8ac6c45f8",
            "image_name": "CC-Ubuntu24.04",
            "key_pair": "group19-shared-key",
            "metadata": null,
            "name": "node2-group19-project19",
            "network": [
              {
                "access_network": false,
                "fixed_ip_v4": "10.56.2.40",
                "fixed_ip_v6": "",
                "floating_ip": "",
                "mac": "fa:16:3e:ec:94:a3",
                "name": "sharednet2",
                "port": "471e69d0-dc49-4868-a0f5-4c56df5c7bfb",
                "uuid": "4ec616b2-79e1-4813-abca-f2ceb41e0a89"
              },
              {
                "access_network": false,
                "fixed_ip_v4": "192.168.1.12",
                "fixed_ip_v6": "",
                "floating_ip": "",
                "mac": "fa:16:3e:3d:3f:8c",
                "name": "private-net-group19-project19",
                "port": "15841c35-8733-4531-90ae-002d0506c38f",
                "uuid": "e8eb988a-384b-40ed-9045-8f8b7d17593c"
              }
            ],
            "network_mode": null,
            "personality": [],
            "power_state": "active",
            "region": "KVM@TACC",
            "scheduler_hints": [],
            "security_groups": [
              "allow-3000",
              "allow-5050",
              "allow-8000",
              "allow-8001",
              "allow-8002",
              "allow-8080",
              "allow-8081",
              "allow-8501",
              "allow-8888",
              "allow-9000",
              "allow-9001",
              "allow-9090",
              "allow-http-80",
              "allow-ssh"
            ],
            "stop_before_destroy": false,
            "tags": [],
            "timeouts": null,
            "updated": "2025-05-09 23:03:54 +0000 UTC",
            "user_data": "2284f4bb25aaae7d6ff503c306115ae6a285e789",
            "vendor_options": [],
            "volume": []
          },
          "sensitive_attributes": [
            [
              {
                "type": "get_attr",
                "value": "admin_pass"
              }
            ]
          ],
          "private": "eyJlMmJmYjczMC1lY2FhLTExZTYtOGY4OC0zNDM2M2JjN2M0YzAiOnsiY3JlYXRlIjoxODAwMDAwMDAwMDAwLCJkZWxldGUiOjE4MDAwMDAwMDAwMDAsInVwZGF0ZSI6MTgwMDAwMDAwMDAwMH19",
          "dependencies": [
            "data.openstack_networking_network_v2.sharednet2",
            "data.openstack_networking_secgroup_v2.allow_8000",
            "data.openstack_networking_secgroup_v2.allow_8080",
            "data.openstack_networking_secgroup_v2.allow_8081",
            "data.openstack_networking_secgroup_v2.allow_9000",
            "data.openstack_networking_secgroup_v2.allow_9001",
            "data.openstack_networking_secgroup_v2.allow_9090",
            "data.openstack_networking_secgroup_v2.allow_http_80",
            "data.openstack_networking_secgroup_v2.allow_ssh",
            "openstack_networking_network_v2.private_net",
            "openstack_networking_port_v2.private_net_ports",
            "openstack_networking_port_v2.sharednet2_ports",
            "openstack_networking_secgroup_v2.allow_3000",
            "openstack_networking_secgroup_v2.allow_5050",
            "openstack_networking_secgroup_v2.allow_8001",
            "openstack_networking_secgroup_v2.allow_8002",
            "openstack_networking_secgroup_v2.allow_8501",
            "openstack_networking_secgroup_v2.allow_8888",
            "openstack_networking_subnet_v2.private_subnet"
          ]
        },
        {
          "index_key": "node3",
          "schema_version": 0,
          "attributes": {
            "access_ip_v4": "10.56.0.205",
            "access_ip_v6": "",
            "admin_pass": null,
            "all_metadata": {},
            "all_tags": [],
            "availability_zone": "nova",
            "availability_zone_hints": null,
            "block_device": [],
            "config_drive": null,
            "created": "2025-05-09 23:03:45 +0000 UTC",
            "flavor_id": "3",
            "flavor_name": "m1.medium",
            "floating_ip": null,
            "force_delete": false,
            "id": "5acca90b-9a6e-474d-b3df-60727ac07201",
            "image_id": "96d9c658-6540-4796-ae64-54d8ac6c45f8",
            "image_name": "CC-Ubuntu24.04",
            "key_pair": "group19-shared-key",
            "metadata": null,
            "name": "node3-group19-project19",
            "network": [
              {
                "access_network": false,
                "fixed_ip_v4": "10.56.0.205",
                "fixed_ip_v6": "",
                "floating_ip": "",
                "mac": "fa:16:3e:ae:b6:5b",
                "name": "sharednet2",
                "port": "4e564118-17eb-4c21-b84a-22ce53c421ba",
                "uuid": "4ec616b2-79e1-4813-abca-f2ceb41e0a89"
              },
              {
                "access_network": false,
                "fixed_ip_v4": "192.168.1.13",
                "fixed_ip_v6": "",
                "floating_ip": "",
                "mac": "fa:16:3e:d0:52:9b",
                "name": "private-net-group19-project19",
                "port": "7505c5ba-38e7-406c-8140-155f7ee3ec07",
                "uuid": "e8eb988a-384b-40ed-9045-8f8b7d17593c"
              }
            ],
            "network_mode": null,
            "personality": [],
            "power_state": "active",
            "region": "KVM@TACC",
            "scheduler_hints": [],
            "security_groups": [
              "allow-3000",
              "allow-5050",
              "allow-8000",
              "allow-8001",
              "allow-8002",
              "allow-8080",
              "allow-8081",
              "allow-8501",
              "allow-8888",
              "allow-9000",
              "allow-9001",
              "allow-9090",
              "allow-http-80",
              "allow-ssh"
            ],
            "stop_before_destroy": false,
            "tags": [],
            "timeouts": null,
            "updated": "2025-05-09 23:03:54 +0000 UTC",
            "user_data": "26ecacf8b0cacf76a75a9817b74dbfd21688f3f4",
            "vendor_options": [],
            "volume": []
          },
          "sensitive_attributes": [
            [
              {
                "type": "get_attr",
                "value": "admin_pass"
              }
            ]
          ],
          "private": "eyJlMmJmYjczMC1lY2FhLTExZTYtOGY4OC0zNDM2M2JjN2M0YzAiOnsiY3JlYXRlIjoxODAwMDAwMDAwMDAwLCJkZWxldGUiOjE4MDAwMDAwMDAwMDAsInVwZGF0ZSI6MTgwMDAwMDAwMDAwMH19",
          "dependencies": [
            "data.openstack_networking_network_v2.sharednet2",
            "data.openstack_networking_secgroup_v2.allow_8000",
            "data.openstack_networking_secgroup_v2.allow_8080",
            "data.openstack_networking_secgroup_v2.allow_8081",
            "data.openstack_networking_secgroup_v2.allow_9000",
            "data.openstack_networking_secgroup_v2.allow_9001",
            "data.openstack_networking_secgroup_v2.allow_9090",
            "data.openstack_networking_secgroup_v2.allow_http_80",
            "data.openstack_networking_secgroup_v2.allow_ssh",
            "openstack_networking_network_v2.private_net",
            "openstack_networking_port_v2.private_net_ports",
            "openstack_networking_port_v2.sharednet2_ports",
            "openstack_networking_secgroup_v2.allow_3000",
            "openstack_networking_secgroup_v2.allow_5050",
            "openstack_networking_secgroup_v2.allow_8001",
            "openstack_networking_secgroup_v2.allow_8002",
            "openstack_networking_secgroup_v2.allow_8501",
            "openstack_networking_secgroup_v2.allow_8888",
            "openstack_networking_subnet_v2.private_subnet"
          ]
        }
      ]
    },
    {
      "mode": "managed",
      "type": "openstack_compute_volume_attach_v2",
      "name": "blockstorage_volume_attach",
      "provider": "provider[\"registry.terraform.io/terraform-provider-openstack/openstack\"]",
      "instances": [
        {
          "schema_version": 0,
          "attributes": {
            "device": "/dev/vdb",
            "id": "88a2031c-8219-4751-bea6-ba04d628f8a3/b66b20f7-cdb1-454e-a789-6c69be149faa",
            "instance_id": "88a2031c-8219-4751-bea6-ba04d628f8a3",
            "multiattach": null,
            "region": "KVM@TACC",
            "timeouts": null,
            "vendor_options": [],
            "volume_id": "b66b20f7-cdb1-454e-a789-6c69be149faa"
          },
          "sensitive_attributes": [],
          "private": "eyJlMmJmYjczMC1lY2FhLTExZTYtOGY4OC0zNDM2M2JjN2M0YzAiOnsiY3JlYXRlIjo2MDAwMDAwMDAwMDAsImRlbGV0ZSI6NjAwMDAwMDAwMDAwfX0=",
          "dependencies": [
            "data.openstack_networking_network_v2.sharednet2",
            "data.openstack_networking_secgroup_v2.allow_8000",
            "data.openstack_networking_secgroup_v2.allow_8080",
            "data.openstack_networking_secgroup_v2.allow_8081",
            "data.openstack_networking_secgroup_v2.allow_9000",
            "data.openstack_networking_secgroup_v2.allow_9001",
            "data.openstack_networking_secgroup_v2.allow_9090",
            "data.openstack_networking_secgroup_v2.allow_http_80",
            "data.openstack_networking_secgroup_v2.allow_ssh",
            "openstack_blockstorage_volume_v3.blockstorage_volume",
            "openstack_compute_instance_v2.nodes",
            "openstack_networking_network_v2.private_net",
            "openstack_networking_port_v2.private_net_ports",
            "openstack_networking_port_v2.sharednet2_ports",
            "openstack_networking_secgroup_v2.allow_3000",
            "openstack_networking_secgroup_v2.allow_5050",
            "openstack_networking_secgroup_v2.allow_8001",
            "openstack_networking_secgroup_v2.allow_8002",
            "openstack_networking_secgroup_v2.allow_8501",
            "openstack_networking_secgroup_v2.allow_8888",
            "openstack_networking_subnet_v2.private_subnet"
          ]
        }
      ]
    },
    {
      "mode": "managed",
      "type": "openstack_networking_floatingip_v2",
      "name": "node1_floating_ip",
      "provider": "provider[\"registry.terraform.io/terraform-provider-openstack/openstack\"]",
      "instances": [
        {
          "schema_version": 0,
          "attributes": {
            "address": "129.114.26.124",
            "all_tags": [],
            "description": "Floating IP for node1-group19-project19",
            "dns_domain": "",
            "dns_name": "",
            "fixed_ip": "10.56.0.179",
            "id": "51b77839-234f-418a-9530-2ce0cd5ba762",
            "pool": "public",
            "port_id": "4918d140-a126-471a-8420-dbe706589c27",
            "region": "KVM@TACC",
            "subnet_id": null,
            "subnet_ids": null,
            "tags": null,
            "tenant_id": "89f528973fea4b3a981f9b2344e522de",
            "timeouts": null,
            "value_specs": null
          },
          "sensitive_attributes": [],
          "private": "eyJlMmJmYjczMC1lY2FhLTExZTYtOGY4OC0zNDM2M2JjN2M0YzAiOnsiY3JlYXRlIjo2MDAwMDAwMDAwMDAsImRlbGV0ZSI6NjAwMDAwMDAwMDAwfX0=",
          "dependencies": [
            "data.openstack_networking_network_v2.sharednet2",
            "data.openstack_networking_secgroup_v2.allow_8000",
            "data.openstack_networking_secgroup_v2.allow_8080",
            "data.openstack_networking_secgroup_v2.allow_8081",
            "data.openstack_networking_secgroup_v2.allow_9000",
            "data.openstack_networking_secgroup_v2.allow_9001",
            "data.openstack_networking_secgroup_v2.allow_9090",
            "data.openstack_networking_secgroup_v2.allow_http_80",
            "data.openstack_networking_secgroup_v2.allow_ssh",
            "openstack_networking_port_v2.sharednet2_ports",
            "openstack_networking_secgroup_v2.allow_3000",
            "openstack_networking_secgroup_v2.allow_5050",
            "openstack_networking_secgroup_v2.allow_8001",
            "openstack_networking_secgroup_v2.allow_8002",
            "openstack_networking_secgroup_v2.allow_8501",
            "openstack_networking_secgroup_v2.allow_8888"
          ]
        }
      ]
    },
    {
      "mode": "managed",
      "type": "openstack_networking_network_v2",
      "name": "private_net",
      "provider": "provider[\"registry.terraform.io/terraform-provider-openstack/openstack\"]",
      "instances": [
        {
          "schema_version": 0,
          "attributes": {
            "admin_state_up": true,
            "all_tags": [],
            "availability_zone_hints": [],
            "description": "",
            "dns_domain": "",
            "external": false,
            "id": "e8eb988a-384b-40ed-9045-8f8b7d17593c",
            "mtu": 1450,
            "name": "private-net-group19-project19",
            "port_security_enabled": false,
            "qos_policy_id": "",
            "region": "KVM@TACC",
            "segments": [],
            "shared": false,
            "tags": [],
            "tenant_id": "89f528973fea4b3a981f9b2344e522de",
            "timeouts": null,
            "transparent_vlan": false,
            "value_specs": null
          },
          "sensitive_attributes": [],
          "private": "eyJlMmJmYjczMC1lY2FhLTExZTYtOGY4OC0zNDM2M2JjN2M0YzAiOnsiY3JlYXRlIjo2MDAwMDAwMDAwMDAsImRlbGV0ZSI6NjAwMDAwMDAwMDAwfX0="
        }
      ]
    },
    {
      "mode": "managed",
      "type": "openstack_networking_port_v2",
      "name": "private_net_ports",
      "provider": "provider[\"registry.terraform.io/terraform-provider-openstack/openstack\"]",
      "instances": [
        {
          "index_key": "node1",
          "schema_version": 0,
          "attributes": {
            "admin_state_up": true,
            "all_fixed_ips": [
              "192.168.1.11"
            ],
            "all_security_group_ids": [],
            "all_tags": [],
            "allowed_address_pairs": [],
            "binding": [
              {
                "host_id": "",
                "profile": "",
                "vif_details": {},
                "vif_type": "",
                "vnic_type": "normal"
              }
            ],
            "description": "",
            "device_id": "88a2031c-8219-4751-bea6-ba04d628f8a3",
            "device_owner": "compute:nova",
            "dns_assignment": [],
            "dns_name": "",
            "extra_dhcp_option": [],
            "fixed_ip": [
              {
                "ip_address": "192.168.1.11",
                "subnet_id": "18223c87-28f8-4f7d-9d28-9a1892290510"
              }
            ],
            "id": "151af4e1-856d-4db9-b6af-edeee687c2c1",
            "mac_address": "fa:16:3e:64:e7:c7",
            "name": "port-node1-group19-project19",
            "network_id": "e8eb988a-384b-40ed-9045-8f8b7d17593c",
            "no_fixed_ip": null,
            "no_security_groups": null,
            "port_security_enabled": false,
            "qos_policy_id": "",
            "region": "KVM@TACC",
            "security_group_ids": null,
            "tags": [],
            "tenant_id": "89f528973fea4b3a981f9b2344e522de",
            "timeouts": null,
            "value_specs": null
          },
          "sensitive_attributes": [],
          "private": "eyJlMmJmYjczMC1lY2FhLTExZTYtOGY4OC0zNDM2M2JjN2M0YzAiOnsiY3JlYXRlIjo2MDAwMDAwMDAwMDAsImRlbGV0ZSI6NjAwMDAwMDAwMDAwfX0=",
          "dependencies": [
            "openstack_networking_network_v2.private_net",
            "openstack_networking_subnet_v2.private_subnet"
          ]
        },
        {
          "index_key": "node2",
          "schema_version": 0,
          "attributes": {
            "admin_state_up": true,
            "all_fixed_ips": [
              "192.168.1.12"
            ],
            "all_security_group_ids": [],
            "all_tags": [],
            "allowed_address_pairs": [],
            "binding": [
              {
                "host_id": "",
                "profile": "",
                "vif_details": {},
                "vif_type": "",
                "vnic_type": "normal"
              }
            ],
            "description": "",
            "device_id": "511a60e9-37f7-4745-bdc3-a58437139cb0",
            "device_owner": "compute:nova",
            "dns_assignment": [],
            "dns_name": "",
            "extra_dhcp_option": [],
            "fixed_ip": [
              {
                "ip_address": "192.168.1.12",
                "subnet_id": "18223c87-28f8-4f7d-9d28-9a1892290510"
              }
            ],
            "id": "15841c35-8733-4531-90ae-002d0506c38f",
            "mac_address": "fa:16:3e:3d:3f:8c",
            "name": "port-node2-group19-project19",
            "network_id": "e8eb988a-384b-40ed-9045-8f8b7d17593c",
            "no_fixed_ip": null,
            "no_security_groups": null,
            "port_security_enabled": false,
            "qos_policy_id": "",
            "region": "KVM@TACC",
            "security_group_ids": null,
            "tags": [],
            "tenant_id": "89f528973fea4b3a981f9b2344e522de",
            "timeouts": null,
            "value_specs": null
          },
          "sensitive_attributes": [],
          "private": "eyJlMmJmYjczMC1lY2FhLTExZTYtOGY4OC0zNDM2M2JjN2M0YzAiOnsiY3JlYXRlIjo2MDAwMDAwMDAwMDAsImRlbGV0ZSI6NjAwMDAwMDAwMDAwfX0=",
          "dependencies": [
            "openstack_networking_network_v2.private_net",
            "openstack_networking_subnet_v2.private_subnet"
          ]
        },
        {
          "index_key": "node3",
          "schema_version": 0,
          "attributes": {
            "admin_state_up": true,
            "all_fixed_ips": [
              "192.168.1.13"
            ],
            "all_security_group_ids": [],
            "all_tags": [],
            "allowed_address_pairs": [],
            "binding": [
              {
                "host_id": "",
                "profile": "",
                "vif_details": {},
                "vif_type": "",
                "vnic_type": "normal"
              }
            ],
            "description": "",
            "device_id": "5acca90b-9a6e-474d-b3df-60727ac07201",
            "device_owner": "compute:nova",
            "dns_assignment": [],
            "dns_name": "",
            "extra_dhcp_option": [],
            "fixed_ip": [
              {
                "ip_address": "192.168.1.13",
                "subnet_id": "18223c87-28f8-4f7d-9d28-9a1892290510"
              }
            ],
            "id": "7505c5ba-38e7-406c-8140-155f7ee3ec07",
            "mac_address": "fa:16:3e:d0:52:9b",
            "name": "port-node3-group19-project19",
            "network_id": "e8eb988a-384b-40ed-9045-8f8b7d17593c",
            "no_fixed_ip": null,
            "no_security_groups": null,
            "port_security_enabled": false,
            "qos_policy_id": "",
            "region": "KVM@TACC",
            "security_group_ids": null,
            "tags": [],
            "tenant_id": "89f528973fea4b3a981f9b2344e522de",
            "timeouts": null,
            "value_specs": null
          },
          "sensitive_attributes": [],
          "private": "eyJlMmJmYjczMC1lY2FhLTExZTYtOGY4OC0zNDM2M2JjN2M0YzAiOnsiY3JlYXRlIjo2MDAwMDAwMDAwMDAsImRlbGV0ZSI6NjAwMDAwMDAwMDAwfX0=",
          "dependencies": [
            "openstack_networking_network_v2.private_net",
            "openstack_networking_subnet_v2.private_subnet"
          ]
        }
      ]
    },
    {
      "mode": "managed",
      "type": "openstack_networking_port_v2",
      "name": "sharednet2_ports",
      "provider": "provider[\"registry.terraform.io/terraform-provider-openstack/openstack\"]",
      "instances": [
        {
          "index_key": "node1",
          "schema_version": 0,
          "attributes": {
            "admin_state_up": true,
            "all_fixed_ips": [
              "10.56.0.179"
            ],
            "all_security_group_ids": [
              "046fd20c-6460-4643-8dc1-7733056f30d9",
              "0d74646f-5674-4709-a0dc-97ee2d188dc6",
              "17a6d962-cc23-4551-ac0b-08b098f451d2",
              "281b64c0-57f2-4c20-905b-3106aab0c56d",
              "35227811-91de-4b7e-8888-beaed2cd4988",
              "47860acf-9269-4d26-84b1-363824f7e0a2",
              "5df2db36-79f9-4b9b-b6c9-1ece762d83fb",
              "81aaca58-6155-44f5-94f5-79457a7cf953",
              "9806d71f-f0bd-4c5d-8c48-f32db3094575",
              "ad2912c0-caa9-49e0-b431-b9b3953b91b3",
              "c0fc330f-b3be-44f4-8c35-e1bb6e6ee0c4",
              "d6736d54-d9a4-431c-a5b5-4d29dbcdee03",
              "e6eff5db-c96d-4e3d-be49-1ade281f4a7a",
              "e833e7b0-3e68-478c-857d-e9854baed75d"
            ],
            "all_tags": [],
            "allowed_address_pairs": [],
            "binding": [
              {
                "host_id": "",
                "profile": "",
                "vif_details": {},
                "vif_type": "",
                "vnic_type": "normal"
              }
            ],
            "description": "",
            "device_id": "88a2031c-8219-4751-bea6-ba04d628f8a3",
            "device_owner": "compute:nova",
            "dns_assignment": [],
            "dns_name": "",
            "extra_dhcp_option": [],
            "fixed_ip": [],
            "id": "4918d140-a126-471a-8420-dbe706589c27",
            "mac_address": "fa:16:3e:c1:41:d8",
            "name": "sharednet2-node1-group19-project19",
            "network_id": "4ec616b2-79e1-4813-abca-f2ceb41e0a89",
            "no_fixed_ip": null,
            "no_security_groups": null,
            "port_security_enabled": true,
            "qos_policy_id": "",
            "region": "KVM@TACC",
            "security_group_ids": [
              "046fd20c-6460-4643-8dc1-7733056f30d9",
              "0d74646f-5674-4709-a0dc-97ee2d188dc6",
              "17a6d962-cc23-4551-ac0b-08b098f451d2",
              "281b64c0-57f2-4c20-905b-3106aab0c56d",
              "35227811-91de-4b7e-8888-beaed2cd4988",
              "47860acf-9269-4d26-84b1-363824f7e0a2",
              "5df2db36-79f9-4b9b-b6c9-1ece762d83fb",
              "81aaca58-6155-44f5-94f5-79457a7cf953",
              "9806d71f-f0bd-4c5d-8c48-f32db3094575",
              "ad2912c0-caa9-49e0-b431-b9b3953b91b3",
              "c0fc330f-b3be-44f4-8c35-e1bb6e6ee0c4",
              "d6736d54-d9a4-431c-a5b5-4d29dbcdee03",
              "e6eff5db-c96d-4e3d-be49-1ade281f4a7a",
              "e833e7b0-3e68-478c-857d-e9854baed75d"
            ],
            "tags": [],
            "tenant_id": "89f528973fea4b3a981f9b2344e522de",
            "timeouts": null,
            "value_specs": null
          },
          "sensitive_attributes": [],
          "private": "eyJlMmJmYjczMC1lY2FhLTExZTYtOGY4OC0zNDM2M2JjN2M0YzAiOnsiY3JlYXRlIjo2MDAwMDAwMDAwMDAsImRlbGV0ZSI6NjAwMDAwMDAwMDAwfX0=",
          "dependencies": [
            "data.openstack_networking_network_v2.sharednet2",
            "data.openstack_networking_secgroup_v2.allow_8000",
            "data.openstack_networking_secgroup_v2.allow_8080",
            "data.openstack_networking_secgroup_v2.allow_8081",
            "data.openstack_networking_secgroup_v2.allow_9000",
            "data.openstack_networking_secgroup_v2.allow_9001",
            "data.openstack_networking_secgroup_v2.allow_9090",
            "data.openstack_networking_secgroup_v2.allow_http_80",
            "data.openstack_networking_secgroup_v2.allow_ssh",
            "openstack_networking_secgroup_v2.allow_3000",
            "openstack_networking_secgroup_v2.allow_5050",
            "openstack_networking_secgroup_v2.allow_8001",
            "openstack_networking_secgroup_v2.allow_8002",
            "openstack_networking_secgroup_v2.allow_8501",
            "openstack_networking_secgroup_v2.allow_8888"
          ]
        },
        {
          "index_key": "node2",
          "schema_version": 0,
          "attributes": {
            "admin_state_up": true,
            "all_fixed_ips": [
              "10.56.2.40"
            ],
            "all_security_group_ids": [
              "046fd20c-6460-4643-8dc1-7733056f30d9",
              "0d74646f-5674-4709-a0dc-97ee2d188dc6",
              "17a6d962-cc23-4551-ac0b-08b098f451d2",
              "281b64c0-57f2-4c20-905b-3106aab0c56d",
              "35227811-91de-4b7e-8888-beaed2cd4988",
              "47860acf-9269-4d26-84b1-363824f7e0a2",
              "5df2db36-79f9-4b9b-b6c9-1ece762d83fb",
              "81aaca58-6155-44f5-94f5-79457a7cf953",
              "9806d71f-f0bd-4c5d-8c48-f32db3094575",
              "ad2912c0-caa9-49e0-b431-b9b3953b91b3",
              "c0fc330f-b3be-44f4-8c35-e1bb6e6ee0c4",
              "d6736d54-d9a4-431c-a5b5-4d29dbcdee03",
              "e6eff5db-c96d-4e3d-be49-1ade281f4a7a",
              "e833e7b0-3e68-478c-857d-e9854baed75d"
            ],
            "all_tags": [],
            "allowed_address_pairs": [],
            "binding": [
              {
                "host_id": "",
                "profile": "",
                "vif_details": {},
                "vif_type": "",
                "vnic_type": "normal"
              }
            ],
            "description": "",
            "device_id": "511a60e9-37f7-4745-bdc3-a58437139cb0",
            "device_owner": "compute:nova",
            "dns_assignment": [],
            "dns_name": "",
            "extra_dhcp_option": [],
            "fixed_ip": [],
            "id": "471e69d0-dc49-4868-a0f5-4c56df5c7bfb",
            "mac_address": "fa:16:3e:ec:94:a3",
            "name": "sharednet2-node2-group19-project19",
            "network_id": "4ec616b2-79e1-4813-abca-f2ceb41e0a89",
            "no_fixed_ip": null,
            "no_security_groups": null,
            "port_security_enabled": true,
            "qos_policy_id": "",
            "region": "KVM@TACC",
            "security_group_ids": [
              "046fd20c-6460-4643-8dc1-7733056f30d9",
              "0d74646f-5674-4709-a0dc-97ee2d188dc6",
              "17a6d962-cc23-4551-ac0b-08b098f451d2",
              "281b64c0-57f2-4c20-905b-3106aab0c56d",
              "35227811-91de-4b7e-8888-beaed2cd4988",
              "47860acf-9269-4d26-84b1-363824f7e0a2",
              "5df2db36-79f9-4b9b-b6c9-1ece762d83fb",
              "81aaca58-6155-44f5-94f5-79457a7cf953",
              "9806d71f-f0bd-4c5d-8c48-f32db3094575",
              "ad2912c0-caa9-49e0-b431-b9b3953b91b3",
              "c0fc330f-b3be-44f4-8c35-e1bb6e6ee0c4",
              "d6736d54-d9a4-431c-a5b5-4d29dbcdee03",
              "e6eff5db-c96d-4e3d-be49-1ade281f4a7a",
              "e833e7b0-3e68-478c-857d-e9854baed75d"
            ],
            "tags": [],
            "tenant_id": "89f528973fea4b3a981f9b2344e522de",
            "timeouts": null,
            "value_specs": null
          },
          "sensitive_attributes": [],
          "private": "eyJlMmJmYjczMC1lY2FhLTExZTYtOGY4OC0zNDM2M2JjN2M0YzAiOnsiY3JlYXRlIjo2MDAwMDAwMDAwMDAsImRlbGV0ZSI6NjAwMDAwMDAwMDAwfX0=",
          "dependencies": [
            "data.openstack_networking_network_v2.sharednet2",
            "data.openstack_networking_secgroup_v2.allow_8000",
            "data.openstack_networking_secgroup_v2.allow_8080",
            "data.openstack_networking_secgroup_v2.allow_8081",
            "data.openstack_networking_secgroup_v2.allow_9000",
            "data.openstack_networking_secgroup_v2.allow_9001",
            "data.openstack_networking_secgroup_v2.allow_9090",
            "data.openstack_networking_secgroup_v2.allow_http_80",
            "data.openstack_networking_secgroup_v2.allow_ssh",
            "openstack_networking_secgroup_v2.allow_3000",
            "openstack_networking_secgroup_v2.allow_5050",
            "openstack_networking_secgroup_v2.allow_8001",
            "openstack_networking_secgroup_v2.allow_8002",
            "openstack_networking_secgroup_v2.allow_8501",
            "openstack_networking_secgroup_v2.allow_8888"
          ]
        },
        {
          "index_key": "node3",
          "schema_version": 0,
          "attributes": {
            "admin_state_up": true,
            "all_fixed_ips": [
              "10.56.0.205"
            ],
            "all_security_group_ids": [
              "046fd20c-6460-4643-8dc1-7733056f30d9",
              "0d74646f-5674-4709-a0dc-97ee2d188dc6",
              "17a6d962-cc23-4551-ac0b-08b098f451d2",
              "281b64c0-57f2-4c20-905b-3106aab0c56d",
              "35227811-91de-4b7e-8888-beaed2cd4988",
              "47860acf-9269-4d26-84b1-363824f7e0a2",
              "5df2db36-79f9-4b9b-b6c9-1ece762d83fb",
              "81aaca58-6155-44f5-94f5-79457a7cf953",
              "9806d71f-f0bd-4c5d-8c48-f32db3094575",
              "ad2912c0-caa9-49e0-b431-b9b3953b91b3",
              "c0fc330f-b3be-44f4-8c35-e1bb6e6ee0c4",
              "d6736d54-d9a4-431c-a5b5-4d29dbcdee03",
              "e6eff5db-c96d-4e3d-be49-1ade281f4a7a",
              "e833e7b0-3e68-478c-857d-e9854baed75d"
            ],
            "all_tags": [],
            "allowed_address_pairs": [],
            "binding": [
              {
                "host_id": "",
                "profile": "",
                "vif_details": {},
                "vif_type": "",
                "vnic_type": "normal"
              }
            ],
            "description": "",
            "device_id": "5acca90b-9a6e-474d-b3df-60727ac07201",
            "device_owner": "compute:nova",
            "dns_assignment": [],
            "dns_name": "",
            "extra_dhcp_option": [],
            "fixed_ip": [],
            "id": "4e564118-17eb-4c21-b84a-22ce53c421ba",
            "mac_address": "fa:16:3e:ae:b6:5b",
            "name": "sharednet2-node3-group19-project19",
            "network_id": "4ec616b2-79e1-4813-abca-f2ceb41e0a89",
            "no_fixed_ip": null,
            "no_security_groups": null,
            "port_security_enabled": true,
            "qos_policy_id": "",
            "region": "KVM@TACC",
            "security_group_ids": [
              "046fd20c-6460-4643-8dc1-7733056f30d9",
              "0d74646f-5674-4709-a0dc-97ee2d188dc6",
              "17a6d962-cc23-4551-ac0b-08b098f451d2",
              "281b64c0-57f2-4c20-905b-3106aab0c56d",
              "35227811-91de-4b7e-8888-beaed2cd4988",
              "47860acf-9269-4d26-84b1-363824f7e0a2",
              "5df2db36-79f9-4b9b-b6c9-1ece762d83fb",
              "81aaca58-6155-44f5-94f5-79457a7cf953",
              "9806d71f-f0bd-4c5d-8c48-f32db3094575",
              "ad2912c0-caa9-49e0-b431-b9b3953b91b3",
              "c0fc330f-b3be-44f4-8c35-e1bb6e6ee0c4",
              "d6736d54-d9a4-431c-a5b5-4d29dbcdee03",
              "e6eff5db-c96d-4e3d-be49-1ade281f4a7a",
              "e833e7b0-3e68-478c-857d-e9854baed75d"
            ],
            "tags": [],
            "tenant_id": "89f528973fea4b3a981f9b2344e522de",
            "timeouts": null,
            "value_specs": null
          },
          "sensitive_attributes": [],
          "private": "eyJlMmJmYjczMC1lY2FhLTExZTYtOGY4OC0zNDM2M2JjN2M0YzAiOnsiY3JlYXRlIjo2MDAwMDAwMDAwMDAsImRlbGV0ZSI6NjAwMDAwMDAwMDAwfX0=",
          "dependencies": [
            "data.openstack_networking_network_v2.sharednet2",
            "data.openstack_networking_secgroup_v2.allow_8000",
            "data.openstack_networking_secgroup_v2.allow_8080",
            "data.openstack_networking_secgroup_v2.allow_8081",
            "data.openstack_networking_secgroup_v2.allow_9000",
            "data.openstack_networking_secgroup_v2.allow_9001",
            "data.openstack_networking_secgroup_v2.allow_9090",
            "data.openstack_networking_secgroup_v2.allow_http_80",
            "data.openstack_networking_secgroup_v2.allow_ssh",
            "openstack_networking_secgroup_v2.allow_3000",
            "openstack_networking_secgroup_v2.allow_5050",
            "openstack_networking_secgroup_v2.allow_8001",
            "openstack_networking_secgroup_v2.allow_8002",
            "openstack_networking_secgroup_v2.allow_8501",
            "openstack_networking_secgroup_v2.allow_8888"
          ]
        }
      ]
    },
    {
      "mode": "managed",
      "type": "openstack_networking_secgroup_rule_v2",
      "name": "allow_3000",
      "provider": "provider[\"registry.terraform.io/terraform-provider-openstack/openstack\"]",
      "instances": [
        {
          "schema_version": 0,
          "attributes": {
            "description": "",
            "direction": "ingress",
            "ethertype": "IPv4",
            "id": "244fd5f3-c449-41a4-a6c5-a485c674077f",
            "port_range_max": 3000,
            "port_range_min": 3000,
            "protocol": "tcp",
            "region": "KVM@TACC",
            "remote_group_id": "",
            "remote_ip_prefix": "0.0.0.0/0",
            "security_group_id": "0d74646f-5674-4709-a0dc-97ee2d188dc6",
            "tenant_id": "89f528973fea4b3a981f9b2344e522de",
            "timeouts": null
          },
          "sensitive_attributes": [],
          "private": "eyJlMmJmYjczMC1lY2FhLTExZTYtOGY4OC0zNDM2M2JjN2M0YzAiOnsiZGVsZXRlIjo2MDAwMDAwMDAwMDB9fQ==",
          "dependencies": [
            "openstack_networking_secgroup_v2.allow_3000"
          ]
        }
      ]
    },
    {
      "mode": "managed",
      "type": "openstack_networking_secgroup_rule_v2",
      "name": "allow_5050",
      "provider": "provider[\"registry.terraform.io/terraform-provider-openstack/openstack\"]",
      "instances": [
        {
          "schema_version": 0,
          "attributes": {
            "description": "",
            "direction": "ingress",
            "ethertype": "IPv4",
            "id": "60e4a886-ac66-4f7c-9192-78f28d07e68f",
            "port_range_max": 5050,
            "port_range_min": 5050,
            "protocol": "tcp",
            "region": "KVM@TACC",
            "remote_group_id": "",
            "remote_ip_prefix": "0.0.0.0/0",
            "security_group_id": "e833e7b0-3e68-478c-857d-e9854baed75d",
            "tenant_id": "89f528973fea4b3a981f9b2344e522de",
            "timeouts": null
          },
          "sensitive_attributes": [],
          "private": "eyJlMmJmYjczMC1lY2FhLTExZTYtOGY4OC0zNDM2M2JjN2M0YzAiOnsiZGVsZXRlIjo2MDAwMDAwMDAwMDB9fQ==",
          "dependencies": [
            "openstack_networking_secgroup_v2.allow_5050"
          ]
        }
      ]
    },
    {
      "mode": "managed",
      "type": "openstack_networking_secgroup_rule_v2",
      "name": "allow_8001",
      "provider": "provider[\"registry.terraform.io/terraform-provider-openstack/openstack\"]",
      "instances": [
        {
          "schema_version": 0,
          "attributes": {
            "description": "",
            "direction": "ingress",
            "ethertype": "IPv4",
            "id": "f7754d32-4957-4527-9735-8a746cf31b1c",
            "port_range_max": 8001,
            "port_range_min": 8001,
            "protocol": "tcp",
            "region": "KVM@TACC",
            "remote_group_id": "",
            "remote_ip_prefix": "0.0.0.0/0",
            "security_group_id": "281b64c0-57f2-4c20-905b-3106aab0c56d",
            "tenant_id": "89f528973fea4b3a981f9b2344e522de",
            "timeouts": null
          },
          "sensitive_attributes": [],
          "private": "eyJlMmJmYjczMC1lY2FhLTExZTYtOGY4OC0zNDM2M2JjN2M0YzAiOnsiZGVsZXRlIjo2MDAwMDAwMDAwMDB9fQ==",
          "dependencies": [
            "openstack_networking_secgroup_v2.allow_8001"
          ]
        }
      ]
    },
    {
      "mode": "managed",
      "type": "openstack_networking_secgroup_rule_v2",
      "name": "allow_8002",
      "provider": "provider[\"registry.terraform.io/terraform-provider-openstack/openstack\"]",
      "instances": [
        {
          "schema_version": 0,
          "attributes": {
            "description": "",
            "direction": "ingress",
            "ethertype": "IPv4",
            "id": "4ebf7141-87c0-47d5-97b9-aad110105d7a",
            "port_range_max": 8002,
            "port_range_min": 8002,
            "protocol": "tcp",
            "region": "KVM@TACC",
            "remote_group_id": "",
            "remote_ip_prefix": "0.0.0.0/0",
            "security_group_id": "81aaca58-6155-44f5-94f5-79457a7cf953",
            "tenant_id": "89f528973fea4b3a981f9b2344e522de",
            "timeouts": null
          },
          "sensitive_attributes": [],
          "private": "eyJlMmJmYjczMC1lY2FhLTExZTYtOGY4OC0zNDM2M2JjN2M0YzAiOnsiZGVsZXRlIjo2MDAwMDAwMDAwMDB9fQ==",
          "dependencies": [
            "openstack_networking_secgroup_v2.allow_8002"
          ]
        }
      ]
    },
    {
      "mode": "managed",
      "type": "openstack_networking_secgroup_rule_v2",
      "name": "allow_8501",
      "provider": "provider[\"registry.terraform.io/terraform-provider-openstack/openstack\"]",
      "instances": [
        {
          "schema_version": 0,
          "attributes": {
            "description": "",
            "direction": "ingress",
            "ethertype": "IPv4",
            "id": "462942b5-5cd1-4d55-b49e-68e312edc7ff",
            "port_range_max": 8501,
            "port_range_min": 8501,
            "protocol": "tcp",
            "region": "KVM@TACC",
            "remote_group_id": "",
            "remote_ip_prefix": "0.0.0.0/0",
            "security_group_id": "c0fc330f-b3be-44f4-8c35-e1bb6e6ee0c4",
            "tenant_id": "89f528973fea4b3a981f9b2344e522de",
            "timeouts": null
          },
          "sensitive_attributes": [],
          "private": "eyJlMmJmYjczMC1lY2FhLTExZTYtOGY4OC0zNDM2M2JjN2M0YzAiOnsiZGVsZXRlIjo2MDAwMDAwMDAwMDB9fQ==",
          "dependencies": [
            "openstack_networking_secgroup_v2.allow_8501"
          ]
        }
      ]
    },
    {
      "mode": "managed",
      "type": "openstack_networking_secgroup_rule_v2",
      "name": "allow_8888",
      "provider": "provider[\"registry.terraform.io/terraform-provider-openstack/openstack\"]",
      "instances": [
        {
          "schema_version": 0,
          "attributes": {
            "description": "",
            "direction": "ingress",
            "ethertype": "IPv4",
            "id": "29511138-0320-44e8-b014-77603175f1a3",
            "port_range_max": 8888,
            "port_range_min": 8888,
            "protocol": "tcp",
            "region": "KVM@TACC",
            "remote_group_id": "",
            "remote_ip_prefix": "0.0.0.0/0",
            "security_group_id": "35227811-91de-4b7e-8888-beaed2cd4988",
            "tenant_id": "89f528973fea4b3a981f9b2344e522de",
            "timeouts": null
          },
          "sensitive_attributes": [],
          "private": "eyJlMmJmYjczMC1lY2FhLTExZTYtOGY4OC0zNDM2M2JjN2M0YzAiOnsiZGVsZXRlIjo2MDAwMDAwMDAwMDB9fQ==",
          "dependencies": [
            "openstack_networking_secgroup_v2.allow_8888"
          ]
        }
      ]
    },
    {
      "mode": "managed",
      "type": "openstack_networking_secgroup_v2",
      "name": "allow_3000",
      "provider": "provider[\"registry.terraform.io/terraform-provider-openstack/openstack\"]",
      "instances": [
        {
          "schema_version": 0,
          "attributes": {
            "all_tags": [],
            "delete_default_rules": null,
            "description": "Allow inbound access on port 3000 (Grafana)",
            "id": "0d74646f-5674-4709-a0dc-97ee2d188dc6",
            "name": "allow-3000",
            "region": "KVM@TACC",
            "tags": [],
            "tenant_id": "89f528973fea4b3a981f9b2344e522de",
            "timeouts": null
          },
          "sensitive_attributes": [],
          "private": "eyJlMmJmYjczMC1lY2FhLTExZTYtOGY4OC0zNDM2M2JjN2M0YzAiOnsiZGVsZXRlIjo2MDAwMDAwMDAwMDB9fQ=="
        }
      ]
    },
    {
      "mode": "managed",
      "type": "openstack_networking_secgroup_v2",
      "name": "allow_5050",
      "provider": "provider[\"registry.terraform.io/terraform-provider-openstack/openstack\"]",
      "instances": [
        {
          "schema_version": 0,
          "attributes": {
            "all_tags": [],
            "delete_default_rules": null,
            "description": "Allow inbound access on port 5050 (Label Studio)",
            "id": "e833e7b0-3e68-478c-857d-e9854baed75d",
            "name": "allow-5050",
            "region": "KVM@TACC",
            "tags": [],
            "tenant_id": "89f528973fea4b3a981f9b2344e522de",
            "timeouts": null
          },
          "sensitive_attributes": [],
          "private": "eyJlMmJmYjczMC1lY2FhLTExZTYtOGY4OC0zNDM2M2JjN2M0YzAiOnsiZGVsZXRlIjo2MDAwMDAwMDAwMDB9fQ=="
        }
      ]
    },
    {
      "mode": "managed",
      "type": "openstack_networking_secgroup_v2",
      "name": "allow_8001",
      "provider": "provider[\"registry.terraform.io/terraform-provider-openstack/openstack\"]",
      "instances": [
        {
          "schema_version": 0,
          "attributes": {
            "all_tags": [],
            "delete_default_rules": null,
            "description": "Allow inbound access on port 8001",
            "id": "281b64c0-57f2-4c20-905b-3106aab0c56d",
            "name": "allow-8001",
            "region": "KVM@TACC",
            "tags": [],
            "tenant_id": "89f528973fea4b3a981f9b2344e522de",
            "timeouts": null
          },
          "sensitive_attributes": [],
          "private": "eyJlMmJmYjczMC1lY2FhLTExZTYtOGY4OC0zNDM2M2JjN2M0YzAiOnsiZGVsZXRlIjo2MDAwMDAwMDAwMDB9fQ=="
        }
      ]
    },
    {
      "mode": "managed",
      "type": "openstack_networking_secgroup_v2",
      "name": "allow_8002",
      "provider": "provider[\"registry.terraform.io/terraform-provider-openstack/openstack\"]",
      "instances": [
        {
          "schema_version": 0,
          "attributes": {
            "all_tags": [],
            "delete_default_rules": null,
            "description": "Allow inbound access on port 8002 (Triton)",
            "id": "81aaca58-6155-44f5-94f5-79457a7cf953",
            "name": "allow-8002",
            "region": "KVM@TACC",
            "tags": [],
            "tenant_id": "89f528973fea4b3a981f9b2344e522de",
            "timeouts": null
          },
          "sensitive_attributes": [],
          "private": "eyJlMmJmYjczMC1lY2FhLTExZTYtOGY4OC0zNDM2M2JjN2M0YzAiOnsiZGVsZXRlIjo2MDAwMDAwMDAwMDB9fQ=="
        }
      ]
    },
    {
      "mode": "managed",
      "type": "openstack_networking_secgroup_v2",
      "name": "allow_8501",
      "provider": "provider[\"registry.terraform.io/terraform-provider-openstack/openstack\"]",
      "instances": [
        {
          "schema_version": 0,
          "attributes": {
            "all_tags": [],
            "delete_default_rules": null,
            "description": "Allow inbound access on port 8501 (Streamlit)",
            "id": "c0fc330f-b3be-44f4-8c35-e1bb6e6ee0c4",
            "name": "allow-8501",
            "region": "KVM@TACC",
            "tags": [],
            "tenant_id": "89f528973fea4b3a981f9b2344e522de",
            "timeouts": null
          },
          "sensitive_attributes": [],
          "private": "eyJlMmJmYjczMC1lY2FhLTExZTYtOGY4OC0zNDM2M2JjN2M0YzAiOnsiZGVsZXRlIjo2MDAwMDAwMDAwMDB9fQ=="
        }
      ]
    },
    {
      "mode": "managed",
      "type": "openstack_networking_secgroup_v2",
      "name": "allow_8888",
      "provider": "provider[\"registry.terraform.io/terraform-provider-openstack/openstack\"]",
      "instances": [
        {
          "schema_version": 0,
          "attributes": {
            "all_tags": [],
            "delete_default_rules": null,
            "description": "Allow inbound access on port 8888 (Jupyter)",
            "id": "35227811-91de-4b7e-8888-beaed2cd4988",
            "name": "allow-8888",
            "region": "KVM@TACC",
            "tags": [],
            "tenant_id": "89f528973fea4b3a981f9b2344e522de",
            "timeouts": null
          },
          "sensitive_attributes": [],
          "private": "eyJlMmJmYjczMC1lY2FhLTExZTYtOGY4OC0zNDM2M2JjN2M0YzAiOnsiZGVsZXRlIjo2MDAwMDAwMDAwMDB9fQ=="
        }
      ]
    },
    {
      "mode": "managed",
      "type": "openstack_networking_subnet_v2",
      "name": "private_subnet",
      "provider": "provider[\"registry.terraform.io/terraform-provider-openstack/openstack\"]",
      "instances": [
        {
          "schema_version": 0,
          "attributes": {
            "all_tags": [],
            "allocation_pool": [
              {
                "end": "192.168.1.254",
                "start": "192.168.1.1"
              }
            ],
            "allocation_pools": [
              {
                "end": "192.168.1.254",
                "start": "192.168.1.1"
              }
            ],
            "cidr": "192.168.1.0/24",
            "description": "",
            "dns_nameservers": [],
            "enable_dhcp": true,
            "gateway_ip": "",
            "host_routes": [],
            "id": "18223c87-28f8-4f7d-9d28-9a1892290510",
            "ip_version": 4,
            "ipv6_address_mode": "",
            "ipv6_ra_mode": "",
            "name": "private-subnet-group19-project19",
            "network_id": "e8eb988a-384b-40ed-9045-8f8b7d17593c",
            "no_gateway": true,
            "prefix_length": null,
            "region": "KVM@TACC",
            "service_types": [],
            "subnetpool_id": "",
            "tags": [],
            "tenant_id": "89f528973fea4b3a981f9b2344e522de",
            "timeouts": null,
            "value_specs": null
          },
          "sensitive_attributes": [],
          "private": "eyJlMmJmYjczMC1lY2FhLTExZTYtOGY4OC0zNDM2M2JjN2M0YzAiOnsiY3JlYXRlIjo2MDAwMDAwMDAwMDAsImRlbGV0ZSI6NjAwMDAwMDAwMDAwfX0=",
          "dependencies": [
            "openstack_networking_network_v2.private_net"
          ]
        }
      ]
    },
    {
      "mode": "managed",
      "type": "openstack_objectstorage_container_v1",
      "name": "objectstore_container",
      "provider": "provider[\"registry.terraform.io/terraform-provider-openstack/openstack\"].swift",
      "instances": [
        {
          "schema_version": 1,
          "attributes": {
            "container_read": null,
            "container_sync_key": null,
            "container_sync_to": null,
            "container_write": null,
            "content_type": null,
            "force_destroy": false,
            "id": "object-persist-project19",
            "metadata": null,
            "name": "object-persist-project19",
            "region": "CHI@TACC",
            "storage_policy": "default-placement",
            "versioning": false,
            "versioning_legacy": []
          },
          "sensitive_attributes": [],
          "private": "eyJzY2hlbWFfdmVyc2lvbiI6IjEifQ=="
        }
      ]
    }
  ],
  "check_results": null
}
